{
	"name": "routes-paper",
	"version": "1.0.0-alpha.17",
	"lockfileVersion": 1,
	"requires": true,
	"dependencies": {
		"microrouter": {
			"version": "3.1.3",
			"resolved": "https://registry.npmjs.org/microrouter/-/microrouter-3.1.3.tgz",
			"integrity": "sha1-HkXfd9Pi13O+XaEpz8fV5ubIb04=",
			"requires": {
				"url-pattern": "^1.0.3"
			}
		},
		"url-pattern": {
			"version": "1.0.3",
			"resolved": "https://registry.npmjs.org/url-pattern/-/url-pattern-1.0.3.tgz",
			"integrity": "sha1-BAkpJHGyTyPFDWWkeTF5PStaz8E="
		}
	}
}
